
Microsoft Visual Studio Solution File, Format Version 12.00
# Visual Studio 15
VisualStudioVersion = 15.0.26730.12
MinimumVisualStudioVersion = 10.0.40219.1
Project("{FAE04EC0-301F-11D3-BF4B-00C04F79EFBC}") = "CookiesDataTransfer", "CookiesDataTransfer\CookiesDataTransfer.csproj", "{61916391-528B-49C9-AB2A-55966B4FF623}"
EndProject
Global
	GlobalSection(SolutionConfigurationPlatforms) = preSolution
		Debug|Any CPU = Debug|Any CPU
		Release|Any CPU = Release|Any CPU
	EndGlobalSection
	GlobalSection(ProjectConfigurationPlatforms) = postSolution
		{61916391-528B-49C9-AB2A-55966B4FF623}.Debug|Any CPU.ActiveCfg = Debug|Any CPU
		{61916391-528B-49C9-AB2A-55966B4FF623}.Debug|Any CPU.Build.0 = Debug|Any CPU
		{61916391-528B-49C9-AB2A-55966B4FF623}.Release|Any CPU.ActiveCfg = Release|Any CPU
		{61916391-528B-49C9-AB2A-55966B4FF623}.Release|Any CPU.Build.0 = Release|Any CPU
	EndGlobalSection
	GlobalSection(SolutionProperties) = preSolution
		HideSolutionNode = FALSE
	EndGlobalSection
	GlobalSection(ExtensibilityGlobals) = postSolution
		SolutionGuid = {E7B60E83-AA0E-456B-A9CA-D9A94CA26BD8}
	EndGlobalSection
EndGlobal
